
Microsoft Visual Studio Solution File, Format Version 12.00
# Visual Studio Version 17
VisualStudioVersion = 17.5.002.0
MinimumVisualStudioVersion = 10.0.40219.1
Project("{9A19103F-16F7-4668-BE54-9A1E7A4F7556}") = "Web server intro", "Web server intro.csproj", "{62B36E2A-117B-4AC6-8F7D-12997D78FA2A}"
EndProject
Global
	GlobalSection(SolutionConfigurationPlatforms) = preSolution
		Debug|Any CPU = Debug|Any CPU
		Release|Any CPU = Release|Any CPU
	EndGlobalSection
	GlobalSection(ProjectConfigurationPlatforms) = postSolution
		{62B36E2A-117B-4AC6-8F7D-12997D78FA2A}.Debug|Any CPU.ActiveCfg = Debug|Any CPU
		{62B36E2A-117B-4AC6-8F7D-12997D78FA2A}.Debug|Any CPU.Build.0 = Debug|Any CPU
		{62B36E2A-117B-4AC6-8F7D-12997D78FA2A}.Release|Any CPU.ActiveCfg = Release|Any CPU
		{62B36E2A-117B-4AC6-8F7D-12997D78FA2A}.Release|Any CPU.Build.0 = Release|Any CPU
	EndGlobalSection
	GlobalSection(SolutionProperties) = preSolution
		HideSolutionNode = FALSE
	EndGlobalSection
	GlobalSection(ExtensibilityGlobals) = postSolution
		SolutionGuid = {2323AB77-3729-44EB-A0B4-A6C681E49708}
	EndGlobalSection
EndGlobal
